
Microsoft Visual Studio Solution File, Format Version 12.00
# Visual Studio 15
VisualStudioVersion = 15.0.28307.489
MinimumVisualStudioVersion = 10.0.40219.1
Project("{8BC9CEB8-8B4A-11D0-8D11-00A0C91BC942}") = "NeuralNet", "NeuralNet\NeuralNet.vcxproj", "{7AA6B360-FBF9-485C-B2EC-45218E339F4B}"
EndProject
Global
	GlobalSection(SolutionConfigurationPlatforms) = preSolution
		Debug|x64 = Debug|x64
		Debug|x86 = Debug|x86
		Release|x64 = Release|x64
		Release|x86 = Release|x86
	EndGlobalSection
	GlobalSection(ProjectConfigurationPlatforms) = postSolution
		{7AA6B360-FBF9-485C-B2EC-45218E339F4B}.Debug|x64.ActiveCfg = Debug|x64
		{7AA6B360-FBF9-485C-B2EC-45218E339F4B}.Debug|x64.Build.0 = Debug|x64
		{7AA6B360-FBF9-485C-B2EC-45218E339F4B}.Debug|x86.ActiveCfg = Debug|Win32
		{7AA6B360-FBF9-485C-B2EC-45218E339F4B}.Debug|x86.Build.0 = Debug|Win32
		{7AA6B360-FBF9-485C-B2EC-45218E339F4B}.Release|x64.ActiveCfg = Release|x64
		{7AA6B360-FBF9-485C-B2EC-45218E339F4B}.Release|x64.Build.0 = Release|x64
		{7AA6B360-FBF9-485C-B2EC-45218E339F4B}.Release|x86.ActiveCfg = Release|Win32
		{7AA6B360-FBF9-485C-B2EC-45218E339F4B}.Release|x86.Build.0 = Release|Win32
	EndGlobalSection
	GlobalSection(SolutionProperties) = preSolution
		HideSolutionNode = FALSE
	EndGlobalSection
	GlobalSection(ExtensibilityGlobals) = postSolution
		SolutionGuid = {11862A2A-E7B4-462A-96C7-BCA363CF53F4}
	EndGlobalSection
EndGlobal
